
Microsoft Visual Studio Solution File, Format Version 12.00
# Visual Studio 15
Project("{FAE04EC0-301F-11D3-BF4B-00C04F79EFBC}") = "HealthCheck.Mvc", "HealthCheck.Mvc\HealthCheck.Mvc.csproj", "{834325D0-FF4C-474D-9EE2-FA45EB0CC5D2}"
EndProject
Global
	GlobalSection(SolutionConfigurationPlatforms) = preSolution
		Debug|Any CPU = Debug|Any CPU
		Release|Any CPU = Release|Any CPU
	EndGlobalSection
	GlobalSection(ProjectConfigurationPlatforms) = postSolution
		{834325D0-FF4C-474D-9EE2-FA45EB0CC5D2}.Debug|Any CPU.ActiveCfg = Debug|Any CPU
		{834325D0-FF4C-474D-9EE2-FA45EB0CC5D2}.Debug|Any CPU.Build.0 = Debug|Any CPU
		{834325D0-FF4C-474D-9EE2-FA45EB0CC5D2}.Release|Any CPU.ActiveCfg = Release|Any CPU
		{834325D0-FF4C-474D-9EE2-FA45EB0CC5D2}.Release|Any CPU.Build.0 = Release|Any CPU
	EndGlobalSection
EndGlobal
